hash: 72f9ca516a01297530d41ba5fe49501feee31a53442d48ba7a34db4cc2aa2e22
updated: 2017-11-03T14:07:40.675399529-06:00
imports:
- name: github.com/cpuguy83/go-md2man
  version: 1d903dcb749992f3741d744c0f8376b4bd7eb3e1
  subpackages:
  - md2man
- name: github.com/inconshreveable/mousetrap
  version: 76626ae9c91c4f2a10f34cad8ce83ea42c93bb75
- name: github.com/mattn/go-colorable
  version: ded68f7a9561c023e790de24279db7ebf473ea80
- name: github.com/mattn/go-isatty
  version: 0360b2af4f38e8d38c7fce2a9f4e702702d73a39
- name: github.com/peterh/liner
  version: 88609521dc4b6c858fd4c98b628147da928ce4ac
- name: github.com/pkg/profile
  version: 06b906832ed0e32302a942b63b6c5f8359034d26
- name: github.com/russross/blackfriday
  version: 6d1ef893fcb01b4f50cb6e57ed7df3e2e627b6b2
- name: github.com/spf13/cobra
  version: b6cb3958937245a12d4d7728be080a6c758f4136
  subpackages:
  - doc
- name: github.com/spf13/pflag
  version: 9e4c21054fa135711121b557932b1887f2405d92
- name: golang.org/x/arch
  version: 58ea1a195b1a354bcd572b7ef6bbbd264dc63732
  subpackages:
  - x86/x86asm
- name: golang.org/x/sys
  version: 4fe5d7925040acd225bf9c7cee65e82d07f06bff
  subpackages:
  - unix
  - windows
- name: gopkg.in/yaml.v2
  version: cd8b52f8269e0feb286dfeef29f8fe4d5b397e0b
testImports: []
